
Microsoft Visual Studio Solution File, Format Version 12.00
# Visual Studio Version 17
VisualStudioVersion = 17.3.32929.385
MinimumVisualStudioVersion = 10.0.40219.1
Project("{FAE04EC0-301F-11D3-BF4B-00C04F79EFBC}") = "PDRepository", "PDRepository.csproj", "{ED4D5095-77B9-4E89-B4C7-720975012FF4}"
EndProject
Project("{FAE04EC0-301F-11D3-BF4B-00C04F79EFBC}") = "PDRepository.Samples", "Samples\PDRepository.Samples.csproj", "{4B92916B-661E-46D7-B53A-B8F207217EA6}"
EndProject
Project("{FAE04EC0-301F-11D3-BF4B-00C04F79EFBC}") = "PDRepository.BranchSamples", "Samples\BranchSamples\PDRepository.BranchSamples.csproj", "{294F8001-6AF2-49F5-BDAA-11564D0B2A90}"
EndProject
Project("{FAE04EC0-301F-11D3-BF4B-00C04F79EFBC}") = "PDRepository.DocumentSamples", "Samples\DocumentSamples\PDRepository.DocumentSamples.csproj", "{8A8E14B6-A42B-4F9C-8538-85DF3FD67101}"
EndProject
Project("{FAE04EC0-301F-11D3-BF4B-00C04F79EFBC}") = "PDRepository.UserAndGroupSamples", "Samples\UserAndGroupSamples\PDRepository.UserAndGroupSamples.csproj", "{82745591-045F-4F17-AA72-FFBB25F871A0}"
EndProject
Global
	GlobalSection(SolutionConfigurationPlatforms) = preSolution
		Debug|Any CPU = Debug|Any CPU
		Debug|x64 = Debug|x64
		Release|Any CPU = Release|Any CPU
		Release|x64 = Release|x64
	EndGlobalSection
	GlobalSection(ProjectConfigurationPlatforms) = postSolution
		{ED4D5095-77B9-4E89-B4C7-720975012FF4}.Debug|Any CPU.ActiveCfg = Debug|x64
		{ED4D5095-77B9-4E89-B4C7-720975012FF4}.Debug|Any CPU.Build.0 = Debug|x64
		{ED4D5095-77B9-4E89-B4C7-720975012FF4}.Debug|x64.ActiveCfg = Debug|x64
		{ED4D5095-77B9-4E89-B4C7-720975012FF4}.Debug|x64.Build.0 = Debug|x64
		{ED4D5095-77B9-4E89-B4C7-720975012FF4}.Release|Any CPU.ActiveCfg = Release|Any CPU
		{ED4D5095-77B9-4E89-B4C7-720975012FF4}.Release|Any CPU.Build.0 = Release|Any CPU
		{ED4D5095-77B9-4E89-B4C7-720975012FF4}.Release|x64.ActiveCfg = Release|x64
		{ED4D5095-77B9-4E89-B4C7-720975012FF4}.Release|x64.Build.0 = Release|x64
		{4B92916B-661E-46D7-B53A-B8F207217EA6}.Debug|Any CPU.ActiveCfg = Debug|x64
		{4B92916B-661E-46D7-B53A-B8F207217EA6}.Debug|Any CPU.Build.0 = Debug|x64
		{4B92916B-661E-46D7-B53A-B8F207217EA6}.Debug|x64.ActiveCfg = Debug|x64
		{4B92916B-661E-46D7-B53A-B8F207217EA6}.Debug|x64.Build.0 = Debug|x64
		{4B92916B-661E-46D7-B53A-B8F207217EA6}.Release|Any CPU.ActiveCfg = Release|Any CPU
		{4B92916B-661E-46D7-B53A-B8F207217EA6}.Release|Any CPU.Build.0 = Release|Any CPU
		{4B92916B-661E-46D7-B53A-B8F207217EA6}.Release|x64.ActiveCfg = Release|x64
		{4B92916B-661E-46D7-B53A-B8F207217EA6}.Release|x64.Build.0 = Release|x64
		{294F8001-6AF2-49F5-BDAA-11564D0B2A90}.Debug|Any CPU.ActiveCfg = Debug|Any CPU
		{294F8001-6AF2-49F5-BDAA-11564D0B2A90}.Debug|Any CPU.Build.0 = Debug|Any CPU
		{294F8001-6AF2-49F5-BDAA-11564D0B2A90}.Debug|x64.ActiveCfg = Debug|Any CPU
		{294F8001-6AF2-49F5-BDAA-11564D0B2A90}.Debug|x64.Build.0 = Debug|Any CPU
		{294F8001-6AF2-49F5-BDAA-11564D0B2A90}.Release|Any CPU.ActiveCfg = Release|Any CPU
		{294F8001-6AF2-49F5-BDAA-11564D0B2A90}.Release|Any CPU.Build.0 = Release|Any CPU
		{294F8001-6AF2-49F5-BDAA-11564D0B2A90}.Release|x64.ActiveCfg = Release|Any CPU
		{294F8001-6AF2-49F5-BDAA-11564D0B2A90}.Release|x64.Build.0 = Release|Any CPU
		{8A8E14B6-A42B-4F9C-8538-85DF3FD67101}.Debug|Any CPU.ActiveCfg = Debug|Any CPU
		{8A8E14B6-A42B-4F9C-8538-85DF3FD67101}.Debug|Any CPU.Build.0 = Debug|Any CPU
		{8A8E14B6-A42B-4F9C-8538-85DF3FD67101}.Debug|x64.ActiveCfg = Debug|Any CPU
		{8A8E14B6-A42B-4F9C-8538-85DF3FD67101}.Debug|x64.Build.0 = Debug|Any CPU
		{8A8E14B6-A42B-4F9C-8538-85DF3FD67101}.Release|Any CPU.ActiveCfg = Release|Any CPU
		{8A8E14B6-A42B-4F9C-8538-85DF3FD67101}.Release|Any CPU.Build.0 = Release|Any CPU
		{8A8E14B6-A42B-4F9C-8538-85DF3FD67101}.Release|x64.ActiveCfg = Release|Any CPU
		{8A8E14B6-A42B-4F9C-8538-85DF3FD67101}.Release|x64.Build.0 = Release|Any CPU
		{82745591-045F-4F17-AA72-FFBB25F871A0}.Debug|Any CPU.ActiveCfg = Debug|Any CPU
		{82745591-045F-4F17-AA72-FFBB25F871A0}.Debug|Any CPU.Build.0 = Debug|Any CPU
		{82745591-045F-4F17-AA72-FFBB25F871A0}.Debug|x64.ActiveCfg = Debug|Any CPU
		{82745591-045F-4F17-AA72-FFBB25F871A0}.Debug|x64.Build.0 = Debug|Any CPU
		{82745591-045F-4F17-AA72-FFBB25F871A0}.Release|Any CPU.ActiveCfg = Release|Any CPU
		{82745591-045F-4F17-AA72-FFBB25F871A0}.Release|Any CPU.Build.0 = Release|Any CPU
		{82745591-045F-4F17-AA72-FFBB25F871A0}.Release|x64.ActiveCfg = Release|Any CPU
		{82745591-045F-4F17-AA72-FFBB25F871A0}.Release|x64.Build.0 = Release|Any CPU
	EndGlobalSection
	GlobalSection(SolutionProperties) = preSolution
		HideSolutionNode = FALSE
	EndGlobalSection
	GlobalSection(ExtensibilityGlobals) = postSolution
		SolutionGuid = {92A6FB9F-0762-4FBD-BFA3-E129CA59CD79}
	EndGlobalSection
EndGlobal
